
Microsoft Visual Studio Solution File, Format Version 12.00
# Visual Studio Version 16
VisualStudioVersion = 16.0.30204.135
MinimumVisualStudioVersion = 10.0.40219.1
Project("{FAE04EC0-301F-11D3-BF4B-00C04F79EFBC}") = "Ex04.Menus.Test", "Ex04.Menus.Test\Ex04.Menus.Test.csproj", "{5E3A4C13-F9D8-4512-8C14-C6971AE72E0B}"
EndProject
Project("{FAE04EC0-301F-11D3-BF4B-00C04F79EFBC}") = "Ex04.Menus.Interfaces", "Ex04.Menus.Interfaces\Ex04.Menus.Interfaces.csproj", "{3CD79B86-A69D-4261-8391-EF5EB81CD488}"
EndProject
Project("{FAE04EC0-301F-11D3-BF4B-00C04F79EFBC}") = "Ex04.Menus.Delegates", "Ex04.Menus.Delegates\Ex04.Menus.Delegates.csproj", "{1E8B1554-B5A2-4348-AC61-6885CECAD9A6}"
EndProject
Project("{2150E333-8FDC-42A3-9474-1A3956D46DE8}") = "Solution Items", "Solution Items", "{0F573AE9-39E9-4349-937E-D4E00D64A9B8}"
	ProjectSection(SolutionItems) = preProject
		.editorconfig = .editorconfig
		Settings.StyleCop = Settings.StyleCop
	EndProjectSection
EndProject
Global
	GlobalSection(SolutionConfigurationPlatforms) = preSolution
		Debug|Any CPU = Debug|Any CPU
		Release|Any CPU = Release|Any CPU
	EndGlobalSection
	GlobalSection(ProjectConfigurationPlatforms) = postSolution
		{5E3A4C13-F9D8-4512-8C14-C6971AE72E0B}.Debug|Any CPU.ActiveCfg = Debug|Any CPU
		{5E3A4C13-F9D8-4512-8C14-C6971AE72E0B}.Debug|Any CPU.Build.0 = Debug|Any CPU
		{5E3A4C13-F9D8-4512-8C14-C6971AE72E0B}.Release|Any CPU.ActiveCfg = Release|Any CPU
		{5E3A4C13-F9D8-4512-8C14-C6971AE72E0B}.Release|Any CPU.Build.0 = Release|Any CPU
		{3CD79B86-A69D-4261-8391-EF5EB81CD488}.Debug|Any CPU.ActiveCfg = Debug|Any CPU
		{3CD79B86-A69D-4261-8391-EF5EB81CD488}.Debug|Any CPU.Build.0 = Debug|Any CPU
		{3CD79B86-A69D-4261-8391-EF5EB81CD488}.Release|Any CPU.ActiveCfg = Release|Any CPU
		{3CD79B86-A69D-4261-8391-EF5EB81CD488}.Release|Any CPU.Build.0 = Release|Any CPU
		{1E8B1554-B5A2-4348-AC61-6885CECAD9A6}.Debug|Any CPU.ActiveCfg = Debug|Any CPU
		{1E8B1554-B5A2-4348-AC61-6885CECAD9A6}.Debug|Any CPU.Build.0 = Debug|Any CPU
		{1E8B1554-B5A2-4348-AC61-6885CECAD9A6}.Release|Any CPU.ActiveCfg = Release|Any CPU
		{1E8B1554-B5A2-4348-AC61-6885CECAD9A6}.Release|Any CPU.Build.0 = Release|Any CPU
	EndGlobalSection
	GlobalSection(SolutionProperties) = preSolution
		HideSolutionNode = FALSE
	EndGlobalSection
	GlobalSection(ExtensibilityGlobals) = postSolution
		SolutionGuid = {1976BE74-B462-44C6-B31A-15F67348CB84}
	EndGlobalSection
EndGlobal
